
Microsoft Visual Studio Solution File, Format Version 12.00
# Visual Studio Version 16
VisualStudioVersion = 16.0.29920.165
MinimumVisualStudioVersion = 10.0.40219.1
Project("{FAE04EC0-301F-11D3-BF4B-00C04F79EFBC}") = "CrispyHappiness.Android", "CrispyHappiness\CrispyHappiness.Android\CrispyHappiness.Android.csproj", "{B0499434-271C-4A9F-82BC-1799171D5D92}"
EndProject
Project("{FAE04EC0-301F-11D3-BF4B-00C04F79EFBC}") = "CrispyHappiness", "CrispyHappiness\CrispyHappiness\CrispyHappiness.csproj", "{5CDAA0C9-B476-4E56-B35E-35ED9A67BDEC}"
EndProject
Global
	GlobalSection(SolutionConfigurationPlatforms) = preSolution
		Debug|Any CPU = Debug|Any CPU
		Release|Any CPU = Release|Any CPU
	EndGlobalSection
	GlobalSection(ProjectConfigurationPlatforms) = postSolution
		{B0499434-271C-4A9F-82BC-1799171D5D92}.Debug|Any CPU.ActiveCfg = Debug|Any CPU
		{B0499434-271C-4A9F-82BC-1799171D5D92}.Debug|Any CPU.Build.0 = Debug|Any CPU
		{B0499434-271C-4A9F-82BC-1799171D5D92}.Debug|Any CPU.Deploy.0 = Debug|Any CPU
		{B0499434-271C-4A9F-82BC-1799171D5D92}.Release|Any CPU.ActiveCfg = Release|Any CPU
		{B0499434-271C-4A9F-82BC-1799171D5D92}.Release|Any CPU.Build.0 = Release|Any CPU
		{B0499434-271C-4A9F-82BC-1799171D5D92}.Release|Any CPU.Deploy.0 = Release|Any CPU
		{5CDAA0C9-B476-4E56-B35E-35ED9A67BDEC}.Debug|Any CPU.ActiveCfg = Debug|Any CPU
		{5CDAA0C9-B476-4E56-B35E-35ED9A67BDEC}.Debug|Any CPU.Build.0 = Debug|Any CPU
		{5CDAA0C9-B476-4E56-B35E-35ED9A67BDEC}.Debug|Any CPU.Deploy.0 = Debug|Any CPU
		{5CDAA0C9-B476-4E56-B35E-35ED9A67BDEC}.Release|Any CPU.ActiveCfg = Release|Any CPU
		{5CDAA0C9-B476-4E56-B35E-35ED9A67BDEC}.Release|Any CPU.Build.0 = Release|Any CPU
		{5CDAA0C9-B476-4E56-B35E-35ED9A67BDEC}.Release|Any CPU.Deploy.0 = Release|Any CPU
	EndGlobalSection
	GlobalSection(SolutionProperties) = preSolution
		HideSolutionNode = FALSE
	EndGlobalSection
	GlobalSection(ExtensibilityGlobals) = postSolution
		SolutionGuid = {E51676DF-5403-42C5-B971-AC5A87B306FA}
	EndGlobalSection
EndGlobal
